// !$*UTF8*$!
{
	archiveVersion = 1;
	classes = {
	};
	objectVersion = 77;
	objects = {

/* Begin PBXFileReference section */
		FE0000000000000000000006 /* FLEXR.app */ = {isa = PBXFileReference; explicitFileType = wrapper.application; includeInIndex = 0; path = FLEXR.app; sourceTree = BUILT_PRODUCTS_DIR; };
		FE0000000000000000000007 /* FLEXRTests.xctest */ = {isa = PBXFileReference; explicitFileType = wrapper.cfbundle; includeInIndex = 0; path = FLEXRTests.xctest; sourceTree = BUILT_PRODUCTS_DIR; };
		FE000000000000000000001C /* Info.plist */ = {isa = PBXFileReference; lastKnownFileType = text.plist.xml; path = Info.plist; sourceTree = "<group>"; };
/* End PBXFileReference section */

/* Begin PBXFileSystemSynchronizedRootGroup section */
		FE0000000000000000000008 /* FLEXR */ = {isa = PBXFileSystemSynchronizedRootGroup; explicitFileTypes = {}; explicitFolders = (); path = FLEXR; sourceTree = "<group>"; };
		FE0000000000000000000009 /* FLEXRTests */ = {isa = PBXFileSystemSynchronizedRootGroup; explicitFileTypes = {}; explicitFolders = (); path = FLEXRTests; sourceTree = "<group>"; };
/* End PBXFileSystemSynchronizedRootGroup section */

/* Begin PBXFrameworksBuildPhase section */
		FE000000000000000000000B /* Frameworks */ = {
			isa = PBXFrameworksBuildPhase;
			buildActionMask = 2147483647;
			files = (
			);
			runOnlyForDeploymentPostprocessing = 0;
		};
		FE000000000000000000000E /* Frameworks */ = {
			isa = PBXFrameworksBuildPhase;
			buildActionMask = 2147483647;
			files = (
			);
			runOnlyForDeploymentPostprocessing = 0;
		};
/* End PBXFrameworksBuildPhase section */

/* Begin PBXGroup section */
		FE0000000000000000000002 = {
			isa = PBXGroup;
			children = (
				FE0000000000000000000008 /* FLEXR */,
				FE0000000000000000000009 /* FLEXRTests */,
				FE000000000000000000001B /* Config */,
				FE0000000000000000000003 /* Products */,
			);
			sourceTree = "<group>";
		};
		FE0000000000000000000003 /* Products */ = {
			isa = PBXGroup;
			children = (
				FE0000000000000000000006 /* FLEXR.app */,
				FE0000000000000000000007 /* FLEXRTests.xctest */,
			);
			name = Products;
			sourceTree = "<group>";
		};
		FE000000000000000000001B /* Config */ = {
			isa = PBXGroup;
			children = (
				FE000000000000000000001C /* Info.plist */,
			);
			path = Config;
			sourceTree = "<group>";
		};
/* End PBXGroup section */

/* Begin PBXNativeTarget section */
		FE0000000000000000000004 /* FLEXR */ = {
			isa = PBXNativeTarget;
			buildConfigurationList = FE0000000000000000000011 /* Build configuration list for PBXNativeTarget "FLEXR" */;
			buildPhases = (
				FE000000000000000000000A /* Sources */,
				FE000000000000000000000B /* Frameworks */,
				FE000000000000000000000C /* Resources */,
			);
			buildRules = (
			);
			dependencies = (
			);
			fileSystemSynchronizedGroups = (
				FE0000000000000000000008 /* FLEXR */,
			);
			name = FLEXR;
			productName = FLEXR;
			productReference = FE0000000000000000000006 /* FLEXR.app */;
			productType = "com.apple.product-type.application";
		};
		FE0000000000000000000005 /* FLEXRTests */ = {
			isa = PBXNativeTarget;
			buildConfigurationList = FE0000000000000000000012 /* Build configuration list for PBXNativeTarget "FLEXRTests" */;
			buildPhases = (
				FE000000000000000000000D /* Sources */,
				FE000000000000000000000E /* Frameworks */,
				FE000000000000000000000F /* Resources */,
			);
			buildRules = (
			);
			dependencies = (
				FE0000000000000000000019 /* PBXTargetDependency */,
			);
			fileSystemSynchronizedGroups = (
				FE0000000000000000000009 /* FLEXRTests */,
			);
			name = FLEXRTests;
			productName = FLEXRTests;
			productReference = FE0000000000000000000007 /* FLEXRTests.xctest */;
			productType = "com.apple.product-type.bundle.unit-test";
		};
/* End PBXNativeTarget section */

/* Begin PBXProject section */
		FE0000000000000000000001 /* Project object */ = {
			isa = PBXProject;
			attributes = {
				BuildIndependentTargetsInParallel = 1;
				LastSwiftUpdateCheck = 1620;
				LastUpgradeCheck = 1620;
				TargetAttributes = {
					FE0000000000000000000004 = {
						CreatedOnToolsVersion = 16.2;
					};
					FE0000000000000000000005 = {
						CreatedOnToolsVersion = 16.2;
						TestTargetID = FE0000000000000000000004;
					};
				};
			};
			buildConfigurationList = FE0000000000000000000010 /* Build configuration list for PBXProject "FLEXR" */;
			developmentRegion = de;
			hasScannedForEncodings = 0;
			knownRegions = (
				de,
				Base,
			);
			mainGroup = FE0000000000000000000002;
			minimizedProjectReferenceProxies = 1;
			preferredProjectObjectVersion = 77;
			productRefGroup = FE0000000000000000000003 /* Products */;
			projectDirPath = "";
			projectRoot = "";
			targets = (
				FE0000000000000000000004 /* FLEXR */,
				FE0000000000000000000005 /* FLEXRTests */,
			);
		};
/* End PBXProject section */

/* Begin PBXResourcesBuildPhase section */
		FE000000000000000000000C /* Resources */ = {
			isa = PBXResourcesBuildPhase;
			buildActionMask = 2147483647;
			files = (
			);
			runOnlyForDeploymentPostprocessing = 0;
		};
		FE000000000000000000000F /* Resources */ = {
			isa = PBXResourcesBuildPhase;
			buildActionMask = 2147483647;
			files = (
			);
			runOnlyForDeploymentPostprocessing = 0;
		};
/* End PBXResourcesBuildPhase section */

/* Begin PBXSourcesBuildPhase section */
		FE000000000000000000000A /* Sources */ = {
			isa = PBXSourcesBuildPhase;
			buildActionMask = 2147483647;
			files = (
			);
			runOnlyForDeploymentPostprocessing = 0;
		};
		FE000000000000000000000D /* Sources */ = {
			isa = PBXSourcesBuildPhase;
			buildActionMask = 2147483647;
			files = (
			);
			runOnlyForDeploymentPostprocessing = 0;
		};
/* End PBXSourcesBuildPhase section */

/* Begin PBXTargetDependency section */
		FE0000000000000000000019 /* PBXTargetDependency */ = {
			isa = PBXTargetDependency;
			target = FE0000000000000000000004 /* FLEXR */;
			targetProxy = FE000000000000000000001A /* PBXContainerItemProxy */;
		};
/* End PBXTargetDependency section */

/* Begin PBXContainerItemProxy section */
		FE000000000000000000001A /* PBXContainerItemProxy */ = {
			isa = PBXContainerItemProxy;
			containerPortal = FE0000000000000000000001 /* Project object */;
			proxyType = 1;
			remoteGlobalIDString = FE0000000000000000000004;
			remoteInfo = FLEXR;
		};
/* End PBXContainerItemProxy section */

/* Begin XCBuildConfiguration section */
		FE0000000000000000000013 /* Debug */ = {
			isa = XCBuildConfiguration;
			buildSettings = {
				ALWAYS_SEARCH_USER_PATHS = NO;
				ASSETCATALOG_COMPILER_GENERATE_SWIFT_ASSET_SYMBOL_EXTENSIONS = YES;
				CLANG_ANALYZER_NONNULL = YES;
				CLANG_ENABLE_MODULES = YES;
				CLANG_ENABLE_OBJC_ARC = YES;
				COPY_PHASE_STRIP = NO;
				DEBUG_INFORMATION_FORMAT = dwarf;
				ENABLE_STRICT_OBJC_MSGSEND = YES;
				ENABLE_TESTABILITY = YES;
				ENABLE_USER_SCRIPT_SANDBOXING = YES;
				GCC_C_LANGUAGE_STANDARD = gnu17;
				GCC_DYNAMIC_NO_PIC = NO;
				GCC_NO_COMMON_BLOCKS = YES;
				GCC_OPTIMIZATION_LEVEL = 0;
				GCC_PREPROCESSOR_DEFINITIONS = (
					"DEBUG=1",
					"$(inherited)",
				);
				IPHONEOS_DEPLOYMENT_TARGET = 17.0;
				MTL_ENABLE_DEBUG_INFO = INCLUDE_SOURCE;
				MTL_FAST_MATH = YES;
				ONLY_ACTIVE_ARCH = YES;
				SDKROOT = iphoneos;
				SWIFT_ACTIVE_COMPILATION_CONDITIONS = "DEBUG $(inherited)";
				SWIFT_OPTIMIZATION_LEVEL = "-Onone";
				SWIFT_VERSION = 5.0;
				FLEXR_API_BASE_URL = "https://flexr.social/";
				// Team-ID aus dem Apple-Developer-Konto. Einmal hier eintragen,
				// dann signieren beide Ziele. Ohne sie meldet Xcode
				// "Signing for FLEXR requires a development team".
				FLEXR_DEVELOPMENT_TEAM = "";
			};
			name = Debug;
		};
		FE0000000000000000000014 /* Release */ = {
			isa = XCBuildConfiguration;
			buildSettings = {
				ALWAYS_SEARCH_USER_PATHS = NO;
				ASSETCATALOG_COMPILER_GENERATE_SWIFT_ASSET_SYMBOL_EXTENSIONS = YES;
				CLANG_ANALYZER_NONNULL = YES;
				CLANG_ENABLE_MODULES = YES;
				CLANG_ENABLE_OBJC_ARC = YES;
				COPY_PHASE_STRIP = NO;
				DEBUG_INFORMATION_FORMAT = "dwarf-with-dsym";
				ENABLE_NS_ASSERTIONS = NO;
				ENABLE_STRICT_OBJC_MSGSEND = YES;
				ENABLE_USER_SCRIPT_SANDBOXING = YES;
				GCC_C_LANGUAGE_STANDARD = gnu17;
				GCC_NO_COMMON_BLOCKS = YES;
				IPHONEOS_DEPLOYMENT_TARGET = 17.0;
				MTL_ENABLE_DEBUG_INFO = NO;
				MTL_FAST_MATH = YES;
				SDKROOT = iphoneos;
				SWIFT_COMPILATION_MODE = wholemodule;
				SWIFT_VERSION = 5.0;
				VALIDATE_PRODUCT = YES;
				FLEXR_API_BASE_URL = "https://flexr.social/";
				// Team-ID aus dem Apple-Developer-Konto. Einmal hier eintragen,
				// dann signieren beide Ziele. Ohne sie meldet Xcode
				// "Signing for FLEXR requires a development team".
				FLEXR_DEVELOPMENT_TEAM = "";
			};
			name = Release;
		};
		FE0000000000000000000015 /* Debug */ = {
			isa = XCBuildConfiguration;
			buildSettings = {
				ASSETCATALOG_COMPILER_APPICON_NAME = AppIcon;
				ASSETCATALOG_COMPILER_GLOBAL_ACCENT_COLOR_NAME = "";
				CODE_SIGN_STYLE = Automatic;
				DEVELOPMENT_TEAM = "$(FLEXR_DEVELOPMENT_TEAM)";
				CURRENT_PROJECT_VERSION = 1;
				DEVELOPMENT_ASSET_PATHS = "";
				ENABLE_PREVIEWS = YES;
				GENERATE_INFOPLIST_FILE = NO;
				INFOPLIST_FILE = Config/Info.plist;
				LD_RUNPATH_SEARCH_PATHS = (
					"$(inherited)",
					"@executable_path/Frameworks",
				);
				MARKETING_VERSION = 2.0.6;
				PRODUCT_BUNDLE_IDENTIFIER = social.flexr.app;
				PRODUCT_NAME = "$(TARGET_NAME)";
				SWIFT_EMIT_LOC_STRINGS = YES;
				TARGETED_DEVICE_FAMILY = "1,2";
			};
			name = Debug;
		};
		FE0000000000000000000016 /* Release */ = {
			isa = XCBuildConfiguration;
			buildSettings = {
				ASSETCATALOG_COMPILER_APPICON_NAME = AppIcon;
				ASSETCATALOG_COMPILER_GLOBAL_ACCENT_COLOR_NAME = "";
				CODE_SIGN_STYLE = Automatic;
				DEVELOPMENT_TEAM = "$(FLEXR_DEVELOPMENT_TEAM)";
				CURRENT_PROJECT_VERSION = 1;
				DEVELOPMENT_ASSET_PATHS = "";
				ENABLE_PREVIEWS = YES;
				GENERATE_INFOPLIST_FILE = NO;
				INFOPLIST_FILE = Config/Info.plist;
				LD_RUNPATH_SEARCH_PATHS = (
					"$(inherited)",
					"@executable_path/Frameworks",
				);
				MARKETING_VERSION = 2.0.6;
				PRODUCT_BUNDLE_IDENTIFIER = social.flexr.app;
				PRODUCT_NAME = "$(TARGET_NAME)";
				SWIFT_EMIT_LOC_STRINGS = YES;
				TARGETED_DEVICE_FAMILY = "1,2";
			};
			name = Release;
		};
		FE0000000000000000000017 /* Debug */ = {
			isa = XCBuildConfiguration;
			buildSettings = {
				BUNDLE_LOADER = "$(TEST_HOST)";
				CODE_SIGN_STYLE = Automatic;
				DEVELOPMENT_TEAM = "$(FLEXR_DEVELOPMENT_TEAM)";
				CURRENT_PROJECT_VERSION = 1;
				GENERATE_INFOPLIST_FILE = YES;
				MARKETING_VERSION = 2.0.6;
				PRODUCT_BUNDLE_IDENTIFIER = social.flexr.app.tests;
				PRODUCT_NAME = "$(TARGET_NAME)";
				SWIFT_EMIT_LOC_STRINGS = NO;
				TARGETED_DEVICE_FAMILY = "1,2";
				TEST_HOST = "$(BUILT_PRODUCTS_DIR)/FLEXR.app/$(BUNDLE_EXECUTABLE_FOLDER_PATH)/FLEXR";
			};
			name = Debug;
		};
		FE0000000000000000000018 /* Release */ = {
			isa = XCBuildConfiguration;
			buildSettings = {
				BUNDLE_LOADER = "$(TEST_HOST)";
				CODE_SIGN_STYLE = Automatic;
				DEVELOPMENT_TEAM = "$(FLEXR_DEVELOPMENT_TEAM)";
				CURRENT_PROJECT_VERSION = 1;
				GENERATE_INFOPLIST_FILE = YES;
				MARKETING_VERSION = 2.0.6;
				PRODUCT_BUNDLE_IDENTIFIER = social.flexr.app.tests;
				PRODUCT_NAME = "$(TARGET_NAME)";
				SWIFT_EMIT_LOC_STRINGS = NO;
				TARGETED_DEVICE_FAMILY = "1,2";
				TEST_HOST = "$(BUILT_PRODUCTS_DIR)/FLEXR.app/$(BUNDLE_EXECUTABLE_FOLDER_PATH)/FLEXR";
			};
			name = Release;
		};
/* End XCBuildConfiguration section */

/* Begin XCConfigurationList section */
		FE0000000000000000000010 /* Build configuration list for PBXProject "FLEXR" */ = {
			isa = XCConfigurationList;
			buildConfigurations = (
				FE0000000000000000000013 /* Debug */,
				FE0000000000000000000014 /* Release */,
			);
			defaultConfigurationIsVisible = 0;
			defaultConfigurationName = Release;
		};
		FE0000000000000000000011 /* Build configuration list for PBXNativeTarget "FLEXR" */ = {
			isa = XCConfigurationList;
			buildConfigurations = (
				FE0000000000000000000015 /* Debug */,
				FE0000000000000000000016 /* Release */,
			);
			defaultConfigurationIsVisible = 0;
			defaultConfigurationName = Release;
		};
		FE0000000000000000000012 /* Build configuration list for PBXNativeTarget "FLEXRTests" */ = {
			isa = XCConfigurationList;
			buildConfigurations = (
				FE0000000000000000000017 /* Debug */,
				FE0000000000000000000018 /* Release */,
			);
			defaultConfigurationIsVisible = 0;
			defaultConfigurationName = Release;
		};
/* End XCConfigurationList section */
	};
	rootObject = FE0000000000000000000001 /* Project object */;
}
